// !$*UTF8*$!
{
	archiveVersion = 1;
	classes = {
	};
	objectVersion = 77;
	objects = {

/* Begin PBXBuildFile section */
		320DD6902CEA2559003B62C2 /* Metal.framework in Frameworks */ = {isa = PBXBuildFile; fileRef = 320DD68F2CEA2559003B62C2 /* Metal.framework */; };
		320DD6922CEA2680003B62C2 /* Info.plist in Resources */ = {isa = PBXBuildFile; fileRef = 320DD6912CEA2680003B62C2 /* Info.plist */; };
/* End PBXBuildFile section */

/* Begin PBXContainerItemProxy section */
		320DD6722CEA2258003B62C2 /* PBXContainerItemProxy */ = {
			isa = PBXContainerItemProxy;
			containerPortal = 320DD6582CEA2257003B62C2 /* Project object */;
			proxyType = 1;
			remoteGlobalIDString = 320DD65F2CEA2257003B62C2;
			remoteInfo = pngConverter;
		};
		320DD67C2CEA2258003B62C2 /* PBXContainerItemProxy */ = {
			isa = PBXContainerItemProxy;
			containerPortal = 320DD6582CEA2257003B62C2 /* Project object */;
			proxyType = 1;
			remoteGlobalIDString = 320DD65F2CEA2257003B62C2;
			remoteInfo = pngConverter;
		};
/* End PBXContainerItemProxy section */

/* Begin PBXFileReference section */
		320DD6602CEA2257003B62C2 /* pngConverter.app */ = {isa = PBXFileReference; explicitFileType = wrapper.application; includeInIndex = 0; path = pngConverter.app; sourceTree = BUILT_PRODUCTS_DIR; };
		320DD6712CEA2258003B62C2 /* pngConverterTests.xctest */ = {isa = PBXFileReference; explicitFileType = wrapper.cfbundle; includeInIndex = 0; path = pngConverterTests.xctest; sourceTree = BUILT_PRODUCTS_DIR; };
		320DD67B2CEA2258003B62C2 /* pngConverterUITests.xctest */ = {isa = PBXFileReference; explicitFileType = wrapper.cfbundle; includeInIndex = 0; path = pngConverterUITests.xctest; sourceTree = BUILT_PRODUCTS_DIR; };
		320DD68F2CEA2559003B62C2 /* Metal.framework */ = {isa = PBXFileReference; lastKnownFileType = wrapper.framework; name = Metal.framework; path = System/Library/Frameworks/Metal.framework; sourceTree = SDKROOT; };
		320DD6912CEA2680003B62C2 /* Info.plist */ = {isa = PBXFileReference; lastKnownFileType = text.plist.xml; path = Info.plist; sourceTree = "<group>"; };
/* End PBXFileReference section */

/* Begin PBXFileSystemSynchronizedRootGroup section */
		320DD6622CEA2257003B62C2 /* pngConverter */ = {
			isa = PBXFileSystemSynchronizedRootGroup;
			path = pngConverter;
			sourceTree = "<group>";
		};
		320DD6742CEA2258003B62C2 /* pngConverterTests */ = {
			isa = PBXFileSystemSynchronizedRootGroup;
			path = pngConverterTests;
			sourceTree = "<group>";
		};
		320DD67E2CEA2258003B62C2 /* pngConverterUITests */ = {
			isa = PBXFileSystemSynchronizedRootGroup;
			path = pngConverterUITests;
			sourceTree = "<group>";
		};
/* End PBXFileSystemSynchronizedRootGroup section */

/* Begin PBXFrameworksBuildPhase section */
		320DD65D2CEA2257003B62C2 /* Frameworks */ = {
			isa = PBXFrameworksBuildPhase;
			buildActionMask = 2147483647;
			files = (
				320DD6902CEA2559003B62C2 /* Metal.framework in Frameworks */,
			);
			runOnlyForDeploymentPostprocessing = 0;
		};
		320DD66E2CEA2258003B62C2 /* Frameworks */ = {
			isa = PBXFrameworksBuildPhase;
			buildActionMask = 2147483647;
			files = (
			);
			runOnlyForDeploymentPostprocessing = 0;
		};
		320DD6782CEA2258003B62C2 /* Frameworks */ = {
			isa = PBXFrameworksBuildPhase;
			buildActionMask = 2147483647;
			files = (
			);
			runOnlyForDeploymentPostprocessing = 0;
		};
/* End PBXFrameworksBuildPhase section */

/* Begin PBXGroup section */
		320DD6572CEA2257003B62C2 = {
			isa = PBXGroup;
			children = (
				320DD6912CEA2680003B62C2 /* Info.plist */,
				320DD6622CEA2257003B62C2 /* pngConverter */,
				320DD6742CEA2258003B62C2 /* pngConverterTests */,
				320DD67E2CEA2258003B62C2 /* pngConverterUITests */,
				320DD68E2CEA2558003B62C2 /* Frameworks */,
				320DD6612CEA2257003B62C2 /* Products */,
			);
			sourceTree = "<group>";
		};
		320DD6612CEA2257003B62C2 /* Products */ = {
			isa = PBXGroup;
			children = (
				320DD6602CEA2257003B62C2 /* pngConverter.app */,
				320DD6712CEA2258003B62C2 /* pngConverterTests.xctest */,
				320DD67B2CEA2258003B62C2 /* pngConverterUITests.xctest */,
			);
			name = Products;
			sourceTree = "<group>";
		};
		320DD68E2CEA2558003B62C2 /* Frameworks */ = {
			isa = PBXGroup;
			children = (
				320DD68F2CEA2559003B62C2 /* Metal.framework */,
			);
			name = Frameworks;
			sourceTree = "<group>";
		};
/* End PBXGroup section */

/* Begin PBXNativeTarget section */
		320DD65F2CEA2257003B62C2 /* pngConverter */ = {
			isa = PBXNativeTarget;
			buildConfigurationList = 320DD6852CEA2258003B62C2 /* Build configuration list for PBXNativeTarget "pngConverter" */;
			buildPhases = (
				320DD65C2CEA2257003B62C2 /* Sources */,
				320DD65D2CEA2257003B62C2 /* Frameworks */,
				320DD65E2CEA2257003B62C2 /* Resources */,
			);
			buildRules = (
			);
			dependencies = (
			);
			fileSystemSynchronizedGroups = (
				320DD6622CEA2257003B62C2 /* pngConverter */,
			);
			name = pngConverter;
			packageProductDependencies = (
			);
			productName = pngConverter;
			productReference = 320DD6602CEA2257003B62C2 /* pngConverter.app */;
			productType = "com.apple.product-type.application";
		};
		320DD6702CEA2258003B62C2 /* pngConverterTests */ = {
			isa = PBXNativeTarget;
			buildConfigurationList = 320DD6882CEA2258003B62C2 /* Build configuration list for PBXNativeTarget "pngConverterTests" */;
			buildPhases = (
				320DD66D2CEA2258003B62C2 /* Sources */,
				320DD66E2CEA2258003B62C2 /* Frameworks */,
				320DD66F2CEA2258003B62C2 /* Resources */,
			);
			buildRules = (
			);
			dependencies = (
				320DD6732CEA2258003B62C2 /* PBXTargetDependency */,
			);
			fileSystemSynchronizedGroups = (
				320DD6742CEA2258003B62C2 /* pngConverterTests */,
			);
			name = pngConverterTests;
			packageProductDependencies = (
			);
			productName = pngConverterTests;
			productReference = 320DD6712CEA2258003B62C2 /* pngConverterTests.xctest */;
			productType = "com.apple.product-type.bundle.unit-test";
		};
		320DD67A2CEA2258003B62C2 /* pngConverterUITests */ = {
			isa = PBXNativeTarget;
			buildConfigurationList = 320DD68B2CEA2258003B62C2 /* Build configuration list for PBXNativeTarget "pngConverterUITests" */;
			buildPhases = (
				320DD6772CEA2258003B62C2 /* Sources */,
				320DD6782CEA2258003B62C2 /* Frameworks */,
				320DD6792CEA2258003B62C2 /* Resources */,
			);
			buildRules = (
			);
			dependencies = (
				320DD67D2CEA2258003B62C2 /* PBXTargetDependency */,
			);
			fileSystemSynchronizedGroups = (
				320DD67E2CEA2258003B62C2 /* pngConverterUITests */,
			);
			name = pngConverterUITests;
			packageProductDependencies = (
			);
			productName = pngConverterUITests;
			productReference = 320DD67B2CEA2258003B62C2 /* pngConverterUITests.xctest */;
			productType = "com.apple.product-type.bundle.ui-testing";
		};
/* End PBXNativeTarget section */

/* Begin PBXProject section */
		320DD6582CEA2257003B62C2 /* Project object */ = {
			isa = PBXProject;
			attributes = {
				BuildIndependentTargetsInParallel = 1;
				LastSwiftUpdateCheck = 1610;
				LastUpgradeCheck = 1610;
				TargetAttributes = {
					320DD65F2CEA2257003B62C2 = {
						CreatedOnToolsVersion = 16.1;
					};
					320DD6702CEA2258003B62C2 = {
						CreatedOnToolsVersion = 16.1;
						TestTargetID = 320DD65F2CEA2257003B62C2;
					};
					320DD67A2CEA2258003B62C2 = {
						CreatedOnToolsVersion = 16.1;
						TestTargetID = 320DD65F2CEA2257003B62C2;
					};
				};
			};
			buildConfigurationList = 320DD65B2CEA2257003B62C2 /* Build configuration list for PBXProject "pngConverter" */;
			developmentRegion = en;
			hasScannedForEncodings = 0;
			knownRegions = (
				en,
				Base,
			);
			mainGroup = 320DD6572CEA2257003B62C2;
			minimizedProjectReferenceProxies = 1;
			preferredProjectObjectVersion = 77;
			productRefGroup = 320DD6612CEA2257003B62C2 /* Products */;
			projectDirPath = "";
			projectRoot = "";
			targets = (
				320DD65F2CEA2257003B62C2 /* pngConverter */,
				320DD6702CEA2258003B62C2 /* pngConverterTests */,
				320DD67A2CEA2258003B62C2 /* pngConverterUITests */,
			);
		};
/* End PBXProject section */

/* Begin PBXResourcesBuildPhase section */
		320DD65E2CEA2257003B62C2 /* Resources */ = {
			isa = PBXResourcesBuildPhase;
			buildActionMask = 2147483647;
			files = (
				320DD6922CEA2680003B62C2 /* Info.plist in Resources */,
			);
			runOnlyForDeploymentPostprocessing = 0;
		};
		320DD66F2CEA2258003B62C2 /* Resources */ = {
			isa = PBXResourcesBuildPhase;
			buildActionMask = 2147483647;
			files = (
			);
			runOnlyForDeploymentPostprocessing = 0;
		};
		320DD6792CEA2258003B62C2 /* Resources */ = {
			isa = PBXResourcesBuildPhase;
			buildActionMask = 2147483647;
			files = (
			);
			runOnlyForDeploymentPostprocessing = 0;
		};
/* End PBXResourcesBuildPhase section */

/* Begin PBXSourcesBuildPhase section */
		320DD65C2CEA2257003B62C2 /* Sources */ = {
			isa = PBXSourcesBuildPhase;
			buildActionMask = 2147483647;
			files = (
			);
			runOnlyForDeploymentPostprocessing = 0;
		};
		320DD66D2CEA2258003B62C2 /* Sources */ = {
			isa = PBXSourcesBuildPhase;
			buildActionMask = 2147483647;
			files = (
			);
			runOnlyForDeploymentPostprocessing = 0;
		};
		320DD6772CEA2258003B62C2 /* Sources */ = {
			isa = PBXSourcesBuildPhase;
			buildActionMask = 2147483647;
			files = (
			);
			runOnlyForDeploymentPostprocessing = 0;
		};
/* End PBXSourcesBuildPhase section */

/* Begin PBXTargetDependency section */
		320DD6732CEA2258003B62C2 /* PBXTargetDependency */ = {
			isa = PBXTargetDependency;
			target = 320DD65F2CEA2257003B62C2 /* pngConverter */;
			targetProxy = 320DD6722CEA2258003B62C2 /* PBXContainerItemProxy */;
		};
		320DD67D2CEA2258003B62C2 /* PBXTargetDependency */ = {
			isa = PBXTargetDependency;
			target = 320DD65F2CEA2257003B62C2 /* pngConverter */;
			targetProxy = 320DD67C2CEA2258003B62C2 /* PBXContainerItemProxy */;
		};
/* End PBXTargetDependency section */

/* Begin XCBuildConfiguration section */
		320DD6832CEA2258003B62C2 /* Debug */ = {
			isa = XCBuildConfiguration;
			buildSettings = {
				ALWAYS_SEARCH_USER_PATHS = NO;
				ASSETCATALOG_COMPILER_GENERATE_SWIFT_ASSET_SYMBOL_EXTENSIONS = YES;
				CLANG_ANALYZER_NONNULL = YES;
				CLANG_ANALYZER_NUMBER_OBJECT_CONVERSION = YES_AGGRESSIVE;
				CLANG_CXX_LANGUAGE_STANDARD = "gnu++20";
				CLANG_ENABLE_MODULES = YES;
				CLANG_ENABLE_OBJC_ARC = YES;
				CLANG_ENABLE_OBJC_WEAK = YES;
				CLANG_WARN_BLOCK_CAPTURE_AUTORELEASING = YES;
				CLANG_WARN_BOOL_CONVERSION = YES;
				CLANG_WARN_COMMA = YES;
				CLANG_WARN_CONSTANT_CONVERSION = YES;
				CLANG_WARN_DEPRECATED_OBJC_IMPLEMENTATIONS = YES;
				CLANG_WARN_DIRECT_OBJC_ISA_USAGE = YES_ERROR;
				CLANG_WARN_DOCUMENTATION_COMMENTS = YES;
				CLANG_WARN_EMPTY_BODY = YES;
				CLANG_WARN_ENUM_CONVERSION = YES;
				CLANG_WARN_INFINITE_RECURSION = YES;
				CLANG_WARN_INT_CONVERSION = YES;
				CLANG_WARN_NON_LITERAL_NULL_CONVERSION = YES;
				CLANG_WARN_OBJC_IMPLICIT_RETAIN_SELF = YES;
				CLANG_WARN_OBJC_LITERAL_CONVERSION = YES;
				CLANG_WARN_OBJC_ROOT_CLASS = YES_ERROR;
				CLANG_WARN_QUOTED_INCLUDE_IN_FRAMEWORK_HEADER = YES;
				CLANG_WARN_RANGE_LOOP_ANALYSIS = YES;
				CLANG_WARN_STRICT_PROTOTYPES = YES;
				CLANG_WARN_SUSPICIOUS_MOVE = YES;
				CLANG_WARN_UNGUARDED_AVAILABILITY = YES_AGGRESSIVE;
				CLANG_WARN_UNREACHABLE_CODE = YES;
				CLANG_WARN__DUPLICATE_METHOD_MATCH = YES;
				COPY_PHASE_STRIP = NO;
				DEBUG_INFORMATION_FORMAT = dwarf;
				ENABLE_STRICT_OBJC_MSGSEND = YES;
				ENABLE_TESTABILITY = YES;
				ENABLE_USER_SCRIPT_SANDBOXING = YES;
				GCC_C_LANGUAGE_STANDARD = gnu17;
				GCC_DYNAMIC_NO_PIC = NO;
				GCC_NO_COMMON_BLOCKS = YES;
				GCC_OPTIMIZATION_LEVEL = 0;
				GCC_PREPROCESSOR_DEFINITIONS = (
					"DEBUG=1",
					"$(inherited)",
				);
				GCC_WARN_64_TO_32_BIT_CONVERSION = YES;
				GCC_WARN_ABOUT_RETURN_TYPE = YES_ERROR;
				GCC_WARN_UNDECLARED_SELECTOR = YES;
				GCC_WARN_UNINITIALIZED_AUTOS = YES_AGGRESSIVE;
				GCC_WARN_UNUSED_FUNCTION = YES;
				GCC_WARN_UNUSED_VARIABLE = YES;
				LOCALIZATION_PREFERS_STRING_CATALOGS = YES;
				MACOSX_DEPLOYMENT_TARGET = 15.1;
				MTL_ENABLE_DEBUG_INFO = INCLUDE_SOURCE;
				MTL_FAST_MATH = YES;
				ONLY_ACTIVE_ARCH = YES;
				SDKROOT = macosx;
				SWIFT_ACTIVE_COMPILATION_CONDITIONS = "DEBUG $(inherited)";
				SWIFT_OPTIMIZATION_LEVEL = "-Onone";
			};
			name = Debug;
		};
		320DD6842CEA2258003B62C2 /* Release */ = {
			isa = XCBuildConfiguration;
			buildSettings = {
				ALWAYS_SEARCH_USER_PATHS = NO;
				ASSETCATALOG_COMPILER_GENERATE_SWIFT_ASSET_SYMBOL_EXTENSIONS = YES;
				CLANG_ANALYZER_NONNULL = YES;
				CLANG_ANALYZER_NUMBER_OBJECT_CONVERSION = YES_AGGRESSIVE;
				CLANG_CXX_LANGUAGE_STANDARD = "gnu++20";
				CLANG_ENABLE_MODULES = YES;
				CLANG_ENABLE_OBJC_ARC = YES;
				CLANG_ENABLE_OBJC_WEAK = YES;
				CLANG_WARN_BLOCK_CAPTURE_AUTORELEASING = YES;
				CLANG_WARN_BOOL_CONVERSION = YES;
				CLANG_WARN_COMMA = YES;
				CLANG_WARN_CONSTANT_CONVERSION = YES;
				CLANG_WARN_DEPRECATED_OBJC_IMPLEMENTATIONS = YES;
				CLANG_WARN_DIRECT_OBJC_ISA_USAGE = YES_ERROR;
				CLANG_WARN_DOCUMENTATION_COMMENTS = YES;
				CLANG_WARN_EMPTY_BODY = YES;
				CLANG_WARN_ENUM_CONVERSION = YES;
				CLANG_WARN_INFINITE_RECURSION = YES;
				CLANG_WARN_INT_CONVERSION = YES;
				CLANG_WARN_NON_LITERAL_NULL_CONVERSION = YES;
				CLANG_WARN_OBJC_IMPLICIT_RETAIN_SELF = YES;
				CLANG_WARN_OBJC_LITERAL_CONVERSION = YES;
				CLANG_WARN_OBJC_ROOT_CLASS = YES_ERROR;
				CLANG_WARN_QUOTED_INCLUDE_IN_FRAMEWORK_HEADER = YES;
				CLANG_WARN_RANGE_LOOP_ANALYSIS = YES;
				CLANG_WARN_STRICT_PROTOTYPES = YES;
				CLANG_WARN_SUSPICIOUS_MOVE = YES;
				CLANG_WARN_UNGUARDED_AVAILABILITY = YES_AGGRESSIVE;
				CLANG_WARN_UNREACHABLE_CODE = YES;
				CLANG_WARN__DUPLICATE_METHOD_MATCH = YES;
				COPY_PHASE_STRIP = NO;
				DEBUG_INFORMATION_FORMAT = "dwarf-with-dsym";
				ENABLE_NS_ASSERTIONS = NO;
				ENABLE_STRICT_OBJC_MSGSEND = YES;
				ENABLE_USER_SCRIPT_SANDBOXING = YES;
				GCC_C_LANGUAGE_STANDARD = gnu17;
				GCC_NO_COMMON_BLOCKS = YES;
				GCC_WARN_64_TO_32_BIT_CONVERSION = YES;
				GCC_WARN_ABOUT_RETURN_TYPE = YES_ERROR;
				GCC_WARN_UNDECLARED_SELECTOR = YES;
				GCC_WARN_UNINITIALIZED_AUTOS = YES_AGGRESSIVE;
				GCC_WARN_UNUSED_FUNCTION = YES;
				GCC_WARN_UNUSED_VARIABLE = YES;
				LOCALIZATION_PREFERS_STRING_CATALOGS = YES;
				MACOSX_DEPLOYMENT_TARGET = 15.1;
				MTL_ENABLE_DEBUG_INFO = NO;
				MTL_FAST_MATH = YES;
				SDKROOT = macosx;
				SWIFT_COMPILATION_MODE = wholemodule;
			};
			name = Release;
		};
		320DD6862CEA2258003B62C2 /* Debug */ = {
			isa = XCBuildConfiguration;
			buildSettings = {
				ASSETCATALOG_COMPILER_APPICON_NAME = AppIcon;
				ASSETCATALOG_COMPILER_GLOBAL_ACCENT_COLOR_NAME = AccentColor;
				ASSETCATALOG_COMPILER_INCLUDE_ALL_APPICON_ASSETS = YES;
				CODE_SIGN_ENTITLEMENTS = pngConverter/pngConverter.entitlements;
				"CODE_SIGN_IDENTITY[sdk=macosx*]" = "Apple Development";
				CODE_SIGN_STYLE = Automatic;
				COMBINE_HIDPI_IMAGES = YES;
				CURRENT_PROJECT_VERSION = 1;
				DEVELOPMENT_ASSET_PATHS = "\"pngConverter/Preview Content\"";
				DEVELOPMENT_TEAM = ALNH88F2CP;
				ENABLE_HARDENED_RUNTIME = YES;
				ENABLE_PREVIEWS = YES;
				GENERATE_INFOPLIST_FILE = YES;
				INFOPLIST_KEY_LSApplicationCategoryType = "public.app-category.utilities";
				INFOPLIST_KEY_NSHumanReadableCopyright = "";
				LD_RUNPATH_SEARCH_PATHS = (
					"$(inherited)",
					"@executable_path/../Frameworks",
				);
				MARKETING_VERSION = 1.0;
				PRODUCT_BUNDLE_IDENTIFIER = com.haythuyt.pngConverter;
				PRODUCT_NAME = "$(TARGET_NAME)";
				SWIFT_EMIT_LOC_STRINGS = YES;
				SWIFT_VERSION = 5.0;
			};
			name = Debug;
		};
		320DD6872CEA2258003B62C2 /* Release */ = {
			isa = XCBuildConfiguration;
			buildSettings = {
				ASSETCATALOG_COMPILER_APPICON_NAME = AppIcon;
				ASSETCATALOG_COMPILER_GLOBAL_ACCENT_COLOR_NAME = AccentColor;
				ASSETCATALOG_COMPILER_INCLUDE_ALL_APPICON_ASSETS = YES;
				CODE_SIGN_ENTITLEMENTS = pngConverter/pngConverter.entitlements;
				"CODE_SIGN_IDENTITY[sdk=macosx*]" = "Apple Development";
				CODE_SIGN_STYLE = Automatic;
				COMBINE_HIDPI_IMAGES = YES;
				CURRENT_PROJECT_VERSION = 1;
				DEVELOPMENT_ASSET_PATHS = "\"pngConverter/Preview Content\"";
				DEVELOPMENT_TEAM = ALNH88F2CP;
				ENABLE_HARDENED_RUNTIME = YES;
				ENABLE_PREVIEWS = YES;
				GENERATE_INFOPLIST_FILE = YES;
				INFOPLIST_KEY_LSApplicationCategoryType = "public.app-category.utilities";
				INFOPLIST_KEY_NSHumanReadableCopyright = "";
				LD_RUNPATH_SEARCH_PATHS = (
					"$(inherited)",
					"@executable_path/../Frameworks",
				);
				MARKETING_VERSION = 1.0;
				PRODUCT_BUNDLE_IDENTIFIER = com.haythuyt.pngConverter;
				PRODUCT_NAME = "$(TARGET_NAME)";
				SWIFT_EMIT_LOC_STRINGS = YES;
				SWIFT_VERSION = 5.0;
			};
			name = Release;
		};
		320DD6892CEA2258003B62C2 /* Debug */ = {
			isa = XCBuildConfiguration;
			buildSettings = {
				BUNDLE_LOADER = "$(TEST_HOST)";
				CODE_SIGN_STYLE = Automatic;
				CURRENT_PROJECT_VERSION = 1;
				DEVELOPMENT_TEAM = ALNH88F2CP;
				GENERATE_INFOPLIST_FILE = YES;
				MACOSX_DEPLOYMENT_TARGET = 15.1;
				MARKETING_VERSION = 1.0;
				PRODUCT_BUNDLE_IDENTIFIER = com.haythuyt.pngConverterTests;
				PRODUCT_NAME = "$(TARGET_NAME)";
				SWIFT_EMIT_LOC_STRINGS = NO;
				SWIFT_VERSION = 5.0;
				TEST_HOST = "$(BUILT_PRODUCTS_DIR)/pngConverter.app/$(BUNDLE_EXECUTABLE_FOLDER_PATH)/pngConverter";
			};
			name = Debug;
		};
		320DD68A2CEA2258003B62C2 /* Release */ = {
			isa = XCBuildConfiguration;
			buildSettings = {
				BUNDLE_LOADER = "$(TEST_HOST)";
				CODE_SIGN_STYLE = Automatic;
				CURRENT_PROJECT_VERSION = 1;
				DEVELOPMENT_TEAM = ALNH88F2CP;
				GENERATE_INFOPLIST_FILE = YES;
				MACOSX_DEPLOYMENT_TARGET = 15.1;
				MARKETING_VERSION = 1.0;
				PRODUCT_BUNDLE_IDENTIFIER = com.haythuyt.pngConverterTests;
				PRODUCT_NAME = "$(TARGET_NAME)";
				SWIFT_EMIT_LOC_STRINGS = NO;
				SWIFT_VERSION = 5.0;
				TEST_HOST = "$(BUILT_PRODUCTS_DIR)/pngConverter.app/$(BUNDLE_EXECUTABLE_FOLDER_PATH)/pngConverter";
			};
			name = Release;
		};
		320DD68C2CEA2258003B62C2 /* Debug */ = {
			isa = XCBuildConfiguration;
			buildSettings = {
				CODE_SIGN_STYLE = Automatic;
				CURRENT_PROJECT_VERSION = 1;
				DEVELOPMENT_TEAM = ALNH88F2CP;
				GENERATE_INFOPLIST_FILE = YES;
				MARKETING_VERSION = 1.0;
				PRODUCT_BUNDLE_IDENTIFIER = com.haythuyt.pngConverterUITests;
				PRODUCT_NAME = "$(TARGET_NAME)";
				SWIFT_EMIT_LOC_STRINGS = NO;
				SWIFT_VERSION = 5.0;
				TEST_TARGET_NAME = pngConverter;
			};
			name = Debug;
		};
		320DD68D2CEA2258003B62C2 /* Release */ = {
			isa = XCBuildConfiguration;
			buildSettings = {
				CODE_SIGN_STYLE = Automatic;
				CURRENT_PROJECT_VERSION = 1;
				DEVELOPMENT_TEAM = ALNH88F2CP;
				GENERATE_INFOPLIST_FILE = YES;
				MARKETING_VERSION = 1.0;
				PRODUCT_BUNDLE_IDENTIFIER = com.haythuyt.pngConverterUITests;
				PRODUCT_NAME = "$(TARGET_NAME)";
				SWIFT_EMIT_LOC_STRINGS = NO;
				SWIFT_VERSION = 5.0;
				TEST_TARGET_NAME = pngConverter;
			};
			name = Release;
		};
/* End XCBuildConfiguration section */

/* Begin XCConfigurationList section */
		320DD65B2CEA2257003B62C2 /* Build configuration list for PBXProject "pngConverter" */ = {
			isa = XCConfigurationList;
			buildConfigurations = (
				320DD6832CEA2258003B62C2 /* Debug */,
				320DD6842CEA2258003B62C2 /* Release */,
			);
			defaultConfigurationIsVisible = 0;
			defaultConfigurationName = Release;
		};
		320DD6852CEA2258003B62C2 /* Build configuration list for PBXNativeTarget "pngConverter" */ = {
			isa = XCConfigurationList;
			buildConfigurations = (
				320DD6862CEA2258003B62C2 /* Debug */,
				320DD6872CEA2258003B62C2 /* Release */,
			);
			defaultConfigurationIsVisible = 0;
			defaultConfigurationName = Release;
		};
		320DD6882CEA2258003B62C2 /* Build configuration list for PBXNativeTarget "pngConverterTests" */ = {
			isa = XCConfigurationList;
			buildConfigurations = (
				320DD6892CEA2258003B62C2 /* Debug */,
				320DD68A2CEA2258003B62C2 /* Release */,
			);
			defaultConfigurationIsVisible = 0;
			defaultConfigurationName = Release;
		};
		320DD68B2CEA2258003B62C2 /* Build configuration list for PBXNativeTarget "pngConverterUITests" */ = {
			isa = XCConfigurationList;
			buildConfigurations = (
				320DD68C2CEA2258003B62C2 /* Debug */,
				320DD68D2CEA2258003B62C2 /* Release */,
			);
			defaultConfigurationIsVisible = 0;
			defaultConfigurationName = Release;
		};
/* End XCConfigurationList section */
	};
	rootObject = 320DD6582CEA2257003B62C2 /* Project object */;
}
